
Microsoft Visual Studio Solution File, Format Version 12.00
# Visual Studio Version 16
VisualStudioVersion = 16.0.32228.343
MinimumVisualStudioVersion = 10.0.40219.1
Project("{FAE04EC0-301F-11D3-BF4B-00C04F79EFBC}") = "TaskbarWeather", "TaskbarWeather.csproj", "{9211D896-D9F8-45E5-B341-3468BF164A5B}"
EndProject
Global
	GlobalSection(SolutionConfigurationPlatforms) = preSolution
		Debug|Any CPU = Debug|Any CPU
		Release|Any CPU = Release|Any CPU
	EndGlobalSection
	GlobalSection(ProjectConfigurationPlatforms) = postSolution
		{9211D896-D9F8-45E5-B341-3468BF164A5B}.Debug|Any CPU.ActiveCfg = Debug|Any CPU
		{9211D896-D9F8-45E5-B341-3468BF164A5B}.Debug|Any CPU.Build.0 = Debug|Any CPU
		{9211D896-D9F8-45E5-B341-3468BF164A5B}.Release|Any CPU.ActiveCfg = Release|Any CPU
		{9211D896-D9F8-45E5-B341-3468BF164A5B}.Release|Any CPU.Build.0 = Release|Any CPU
	EndGlobalSection
	GlobalSection(SolutionProperties) = preSolution
		HideSolutionNode = FALSE
	EndGlobalSection
	GlobalSection(ExtensibilityGlobals) = postSolution
		SolutionGuid = {0EE89C90-7631-46A4-82DA-6CF8171B13BB}
	EndGlobalSection
EndGlobal
